
Microsoft Visual Studio Solution File, Format Version 12.00
# Visual Studio 14
VisualStudioVersion = 14.0.25420.1
MinimumVisualStudioVersion = 10.0.40219.1
Project("{FAE04EC0-301F-11D3-BF4B-00C04F79EFBC}") = "dojo.server", "dojo.server\dojo.server.csproj", "{BE70C323-CAA5-482E-AECC-F6578E1C0D76}"
EndProject
Project("{2150E333-8FDC-42A3-9474-1A3956D46DE8}") = "Tools", "Tools", "{3EB9F520-445D-4AA7-9607-A40B6D715402}"
EndProject
Project("{FAE04EC0-301F-11D3-BF4B-00C04F79EFBC}") = "SchemaMigrator", "SchemaMigrator\SchemaMigrator.csproj", "{ED382481-2593-4E63-BEB4-681CBA41D5F8}"
EndProject
Project("{FAE04EC0-301F-11D3-BF4B-00C04F79EFBC}") = "DojoMigrations", "DojoMigrations\DojoMigrations.csproj", "{8AB017E2-8DB5-4BDD-B5A6-61649AE877AA}"
EndProject
Project("{FAE04EC0-301F-11D3-BF4B-00C04F79EFBC}") = "yodleeapi", "..\..\..\Users\zixia.zhang\Downloads\dotNet\C#\yodleeapi\yodleeapi.csproj", "{035EA6C5-2712-40A0-8AAC-FA84326B08E6}"
EndProject
Global
	GlobalSection(SolutionConfigurationPlatforms) = preSolution
		Debug|Any CPU = Debug|Any CPU
		Debug|x86 = Debug|x86
		Release|Any CPU = Release|Any CPU
		Release|x86 = Release|x86
	EndGlobalSection
	GlobalSection(ProjectConfigurationPlatforms) = postSolution
		{BE70C323-CAA5-482E-AECC-F6578E1C0D76}.Debug|Any CPU.ActiveCfg = Debug|Any CPU
		{BE70C323-CAA5-482E-AECC-F6578E1C0D76}.Debug|Any CPU.Build.0 = Debug|Any CPU
		{BE70C323-CAA5-482E-AECC-F6578E1C0D76}.Debug|x86.ActiveCfg = Debug|Any CPU
		{BE70C323-CAA5-482E-AECC-F6578E1C0D76}.Debug|x86.Build.0 = Debug|Any CPU
		{BE70C323-CAA5-482E-AECC-F6578E1C0D76}.Release|Any CPU.ActiveCfg = Release|Any CPU
		{BE70C323-CAA5-482E-AECC-F6578E1C0D76}.Release|Any CPU.Build.0 = Release|Any CPU
		{BE70C323-CAA5-482E-AECC-F6578E1C0D76}.Release|x86.ActiveCfg = Release|Any CPU
		{BE70C323-CAA5-482E-AECC-F6578E1C0D76}.Release|x86.Build.0 = Release|Any CPU
		{ED382481-2593-4E63-BEB4-681CBA41D5F8}.Debug|Any CPU.ActiveCfg = Debug|Any CPU
		{ED382481-2593-4E63-BEB4-681CBA41D5F8}.Debug|Any CPU.Build.0 = Debug|Any CPU
		{ED382481-2593-4E63-BEB4-681CBA41D5F8}.Debug|x86.ActiveCfg = Debug|Any CPU
		{ED382481-2593-4E63-BEB4-681CBA41D5F8}.Debug|x86.Build.0 = Debug|Any CPU
		{ED382481-2593-4E63-BEB4-681CBA41D5F8}.Release|Any CPU.ActiveCfg = Release|Any CPU
		{ED382481-2593-4E63-BEB4-681CBA41D5F8}.Release|Any CPU.Build.0 = Release|Any CPU
		{ED382481-2593-4E63-BEB4-681CBA41D5F8}.Release|x86.ActiveCfg = Release|Any CPU
		{ED382481-2593-4E63-BEB4-681CBA41D5F8}.Release|x86.Build.0 = Release|Any CPU
		{8AB017E2-8DB5-4BDD-B5A6-61649AE877AA}.Debug|Any CPU.ActiveCfg = Debug|Any CPU
		{8AB017E2-8DB5-4BDD-B5A6-61649AE877AA}.Debug|Any CPU.Build.0 = Debug|Any CPU
		{8AB017E2-8DB5-4BDD-B5A6-61649AE877AA}.Debug|x86.ActiveCfg = Debug|Any CPU
		{8AB017E2-8DB5-4BDD-B5A6-61649AE877AA}.Debug|x86.Build.0 = Debug|Any CPU
		{8AB017E2-8DB5-4BDD-B5A6-61649AE877AA}.Release|Any CPU.ActiveCfg = Release|Any CPU
		{8AB017E2-8DB5-4BDD-B5A6-61649AE877AA}.Release|Any CPU.Build.0 = Release|Any CPU
		{8AB017E2-8DB5-4BDD-B5A6-61649AE877AA}.Release|x86.ActiveCfg = Release|Any CPU
		{8AB017E2-8DB5-4BDD-B5A6-61649AE877AA}.Release|x86.Build.0 = Release|Any CPU
		{035EA6C5-2712-40A0-8AAC-FA84326B08E6}.Debug|Any CPU.ActiveCfg = Debug|x86
		{035EA6C5-2712-40A0-8AAC-FA84326B08E6}.Debug|x86.ActiveCfg = Debug|x86
		{035EA6C5-2712-40A0-8AAC-FA84326B08E6}.Debug|x86.Build.0 = Debug|x86
		{035EA6C5-2712-40A0-8AAC-FA84326B08E6}.Release|Any CPU.ActiveCfg = Release|x86
		{035EA6C5-2712-40A0-8AAC-FA84326B08E6}.Release|x86.ActiveCfg = Release|x86
		{035EA6C5-2712-40A0-8AAC-FA84326B08E6}.Release|x86.Build.0 = Release|x86
	EndGlobalSection
	GlobalSection(SolutionProperties) = preSolution
		HideSolutionNode = FALSE
	EndGlobalSection
	GlobalSection(NestedProjects) = preSolution
		{ED382481-2593-4E63-BEB4-681CBA41D5F8} = {3EB9F520-445D-4AA7-9607-A40B6D715402}
		{8AB017E2-8DB5-4BDD-B5A6-61649AE877AA} = {3EB9F520-445D-4AA7-9607-A40B6D715402}
	EndGlobalSection
EndGlobal
